
Microsoft Visual Studio Solution File, Format Version 12.00
# Visual Studio Version 16
VisualStudioVersion = 16.0.32228.343
MinimumVisualStudioVersion = 10.0.40219.1
Project("{9A19103F-16F7-4668-BE54-9A1E7A4F7556}") = "Business", "src\Business\Business.csproj", "{9102CBFD-6D76-4915-B069-4F31E8B77D44}"
EndProject
Project("{9A19103F-16F7-4668-BE54-9A1E7A4F7556}") = "Data", "src\Data\Data.csproj", "{0E3293F4-5795-443B-8651-E7B5C12D1572}"
EndProject
Project("{FAE04EC0-301F-11D3-BF4B-00C04F79EFBC}") = "Api", "src\Api\Api.csproj", "{E68EB089-D6CF-4DA8-866D-F8B0AB0BEA63}"
EndProject
Global
	GlobalSection(SolutionConfigurationPlatforms) = preSolution
		Debug|Any CPU = Debug|Any CPU
		Release|Any CPU = Release|Any CPU
	EndGlobalSection
	GlobalSection(ProjectConfigurationPlatforms) = postSolution
		{9102CBFD-6D76-4915-B069-4F31E8B77D44}.Debug|Any CPU.ActiveCfg = Debug|Any CPU
		{9102CBFD-6D76-4915-B069-4F31E8B77D44}.Debug|Any CPU.Build.0 = Debug|Any CPU
		{9102CBFD-6D76-4915-B069-4F31E8B77D44}.Release|Any CPU.ActiveCfg = Release|Any CPU
		{9102CBFD-6D76-4915-B069-4F31E8B77D44}.Release|Any CPU.Build.0 = Release|Any CPU
		{0E3293F4-5795-443B-8651-E7B5C12D1572}.Debug|Any CPU.ActiveCfg = Debug|Any CPU
		{0E3293F4-5795-443B-8651-E7B5C12D1572}.Debug|Any CPU.Build.0 = Debug|Any CPU
		{0E3293F4-5795-443B-8651-E7B5C12D1572}.Release|Any CPU.ActiveCfg = Release|Any CPU
		{0E3293F4-5795-443B-8651-E7B5C12D1572}.Release|Any CPU.Build.0 = Release|Any CPU
		{E68EB089-D6CF-4DA8-866D-F8B0AB0BEA63}.Debug|Any CPU.ActiveCfg = Debug|Any CPU
		{E68EB089-D6CF-4DA8-866D-F8B0AB0BEA63}.Debug|Any CPU.Build.0 = Debug|Any CPU
		{E68EB089-D6CF-4DA8-866D-F8B0AB0BEA63}.Release|Any CPU.ActiveCfg = Release|Any CPU
		{E68EB089-D6CF-4DA8-866D-F8B0AB0BEA63}.Release|Any CPU.Build.0 = Release|Any CPU
	EndGlobalSection
	GlobalSection(SolutionProperties) = preSolution
		HideSolutionNode = FALSE
	EndGlobalSection
	GlobalSection(ExtensibilityGlobals) = postSolution
		SolutionGuid = {28E09FEE-D0A0-4D5C-A658-062214193454}
	EndGlobalSection
EndGlobal
